{
  "version": "5",
  "specifiers": {
    "jsr:@std/assert@1": "1.0.19",
    "jsr:@std/assert@^1.0.19": "1.0.19",
    "jsr:@std/cli@^1.0.31": "1.0.32",
    "jsr:@std/csv@1": "1.0.6",
    "jsr:@std/encoding@1": "1.0.11",
    "jsr:@std/encoding@^1.0.11": "1.0.11",
    "jsr:@std/fmt@^1.0.10": "1.0.10",
    "jsr:@std/fs@^1.0.24": "1.0.24",
    "jsr:@std/html@^1.0.7": "1.0.7",
    "jsr:@std/http@1": "1.1.2",
    "jsr:@std/internal@^1.0.12": "1.0.14",
    "jsr:@std/internal@^1.0.14": "1.0.14",
    "jsr:@std/media-types@^1.1.0": "1.1.0",
    "jsr:@std/net@^1.0.6": "1.0.6",
    "jsr:@std/path@1": "1.1.6",
    "jsr:@std/path@^1.1.6": "1.1.6",
    "jsr:@std/streams@^1.1.1": "1.1.1",
    "jsr:@std/yaml@1": "1.1.2",
    "npm:@deck.gl/core@^9.3.7": "9.3.7",
    "npm:@deck.gl/extensions@^9.3.7": "9.3.7_@deck.gl+core@9.3.7_@luma.gl+core@9.3.6_@luma.gl+engine@9.3.6__@luma.gl+core@9.3.6__@luma.gl+shadertools@9.3.6___@luma.gl+core@9.3.6",
    "npm:@deck.gl/layers@^9.3.7": "9.3.7_@deck.gl+core@9.3.7_@loaders.gl+core@4.4.3_@luma.gl+core@9.3.6_@luma.gl+engine@9.3.6__@luma.gl+core@9.3.6__@luma.gl+shadertools@9.3.6___@luma.gl+core@9.3.6",
    "npm:@deck.gl/mapbox@^9.3.7": "9.3.7_@deck.gl+core@9.3.7_@luma.gl+core@9.3.6_@math.gl+web-mercator@4.1.0",
    "npm:@mapbox/polylabel@^1.0.2": "1.0.2",
    "npm:@protomaps/basemaps@^5.7.2": "5.7.2",
    "npm:@turf/area@7": "7.3.5",
    "npm:@turf/bbox-clip@7": "7.3.5",
    "npm:@turf/boolean-point-in-polygon@7": "7.3.5",
    "npm:@turf/difference@7": "7.3.5",
    "npm:@turf/helpers@7": "7.3.5",
    "npm:@turf/intersect@7": "7.3.5",
    "npm:@turf/kinks@7": "7.3.5",
    "npm:@turf/line-split@7": "7.3.5",
    "npm:@turf/simplify@7": "7.3.5",
    "npm:@turf/truncate@7": "7.3.5",
    "npm:@turf/union@7": "7.3.5",
    "npm:@types/geojson@^7946.0.16": "7946.0.16",
    "npm:maplibre-gl@^4.7.1": "4.7.1",
    "npm:pmtiles@^3.2.1": "3.2.1",
    "npm:shapefile@0.6.6": "0.6.6"
  },
  "jsr": {
    "@std/assert@1.0.19": {
      "integrity": "eaada96ee120cb980bc47e040f82814d786fe8162ecc53c91d8df60b8755991e",
      "dependencies": [
        "jsr:@std/internal@^1.0.12"
      ]
    },
    "@std/cli@1.0.32": {
      "integrity": "188b3a100d6202d64e3f5bd3d799c7fa4f6d77f92cc65eb7f641c1fa0aa92a66"
    },
    "@std/csv@1.0.6": {
      "integrity": "52ef0e62799a0028d278fa04762f17f9bd263fad9a8e7f98c14fbd371d62d9fd"
    },
    "@std/encoding@1.0.11": {
      "integrity": "e7cef2f0b3153bccc17431e7c864a1de03a4b6d9647389c43e08aaa775d37385"
    },
    "@std/fmt@1.0.10": {
      "integrity": "90dfba288802ac6de82fb31d0917eb9e4450b9925b954d5e51fc29ac07419db5"
    },
    "@std/fs@1.0.24": {
      "integrity": "f3061b45b81673a2bece689da041df32d174be064c89eb6397fb5718d3fb7877"
    },
    "@std/html@1.0.7": {
      "integrity": "175c818905a6e75743c69c251395e273d82698e58cfe7dd76268d70e28b8d8fe"
    },
    "@std/http@1.1.2": {
      "integrity": "1c0473590d5e5b75b30b2be4833c08047dd799aeea35624fd34ec58d67fc9240",
      "dependencies": [
        "jsr:@std/cli",
        "jsr:@std/encoding@^1.0.11",
        "jsr:@std/fmt",
        "jsr:@std/fs",
        "jsr:@std/html",
        "jsr:@std/media-types",
        "jsr:@std/net",
        "jsr:@std/path@^1.1.6",
        "jsr:@std/streams"
      ]
    },
    "@std/internal@1.0.14": {
      "integrity": "291516b3d4c35024d6ffbc0a9df5bf4c64116e05b50012cf846710152d2ffdf7"
    },
    "@std/media-types@1.1.0": {
      "integrity": "c9d093f0c05c3512932b330e3cc1fe1d627b301db33a4c2c2185c02471d6eaa4"
    },
    "@std/net@1.0.6": {
      "integrity": "110735f93e95bb9feb95790a8b1d1bf69ec0dc74f3f97a00a76ea5efea25500c"
    },
    "@std/path@1.1.6": {
      "integrity": "c68485c2a4dfbb5ae3cc74fae4e8c4e5d874cf8a8ed12927917235c758b46cbe",
      "dependencies": [
        "jsr:@std/internal@^1.0.14"
      ]
    },
    "@std/streams@1.1.1": {
      "integrity": "92556d350e537e9dce527a6d08f6f15be3ff65e656079dea69d15252187c7613"
    },
    "@std/yaml@1.1.2": {
      "integrity": "de612653c036749ba2044165e316f52412b0f0698afffb7ee80b5331d6d2abae"
    }
  },
  "npm": {
    "@deck.gl/core@9.3.7": {
      "integrity": "sha512-l+YPm1I0Fwj+b7xsu8FvyDT5MGPgEPJe2cQJUpQNgG742b2goB4tyYpteUhNAOeVo1gmenvqv36ZJGNsGxipJA==",
      "dependencies": [
        "@loaders.gl/core",
        "@loaders.gl/images",
        "@luma.gl/core",
        "@luma.gl/engine",
        "@luma.gl/shadertools",
        "@luma.gl/webgl",
        "@math.gl/core",
        "@math.gl/sun",
        "@math.gl/types",
        "@math.gl/web-mercator",
        "@probe.gl/env",
        "@probe.gl/log",
        "@probe.gl/stats",
        "@types/offscreencanvas",
        "gl-matrix",
        "mjolnir.js"
      ]
    },
    "@deck.gl/extensions@9.3.7_@deck.gl+core@9.3.7_@luma.gl+core@9.3.6_@luma.gl+engine@9.3.6__@luma.gl+core@9.3.6__@luma.gl+shadertools@9.3.6___@luma.gl+core@9.3.6": {
      "integrity": "sha512-CY4Hi7yeVNMOjYfbrxNZ5PF3ftH16zGwV4JSH6g9opCTfLFxBgT2Rxbs3cwywanAs5yO7RraDDM9WyQSzAU7qg==",
      "dependencies": [
        "@deck.gl/core",
        "@luma.gl/core",
        "@luma.gl/engine",
        "@luma.gl/shadertools",
        "@luma.gl/webgl",
        "@math.gl/core"
      ]
    },
    "@deck.gl/layers@9.3.7_@deck.gl+core@9.3.7_@loaders.gl+core@4.4.3_@luma.gl+core@9.3.6_@luma.gl+engine@9.3.6__@luma.gl+core@9.3.6__@luma.gl+shadertools@9.3.6___@luma.gl+core@9.3.6": {
      "integrity": "sha512-T2CnkEU1QEqmusrSdot7+8Nl09gzntG5DvhaogyBbTjmABhTh4rUnS6dLOjf5/ju3aJ+Q58/FvDzgBBcK4V7kg==",
      "dependencies": [
        "@deck.gl/core",
        "@loaders.gl/core",
        "@loaders.gl/images",
        "@loaders.gl/schema",
        "@luma.gl/core",
        "@luma.gl/engine",
        "@luma.gl/shadertools",
        "@mapbox/tiny-sdf",
        "@math.gl/core",
        "@math.gl/polygon",
        "@math.gl/web-mercator",
        "@types/geojson",
        "earcut@2.2.4"
      ]
    },
    "@deck.gl/mapbox@9.3.7_@deck.gl+core@9.3.7_@luma.gl+core@9.3.6_@math.gl+web-mercator@4.1.0": {
      "integrity": "sha512-hamgwBS2BbB8DHOjYWwPMrFki+KhcedjoHv/9cUpQHnjfXUswzmyhAURuyowO/tAVJb3vF+CmMzaDVUTlI40Sw==",
      "dependencies": [
        "@deck.gl/core",
        "@luma.gl/core",
        "@math.gl/web-mercator"
      ]
    },
    "@loaders.gl/core@4.4.3": {
      "integrity": "sha512-D6kXFdpUtYwoqS5OQLLaLELkHlS3qIdcSgzVvsh/MinRteeVIITJojqEc/lmDx1zVR3j6WND7yPGF4i4aOwiOg==",
      "dependencies": [
        "@loaders.gl/loader-utils",
        "@loaders.gl/schema",
        "@loaders.gl/schema-utils",
        "@loaders.gl/worker-utils",
        "@probe.gl/log"
      ]
    },
    "@loaders.gl/images@4.4.3_@loaders.gl+core@4.4.3": {
      "integrity": "sha512-a4C6x+4GZUchf+IwpdBOvyGeLGSbGOVob+WSWfGUezEQ4gqu1zS1pn3lCX3ZTL5P+Ch3v6KKwPGdO5YdTd52Ew==",
      "dependencies": [
        "@loaders.gl/core",
        "@loaders.gl/loader-utils"
      ]
    },
    "@loaders.gl/loader-utils@4.4.3_@loaders.gl+core@4.4.3": {
      "integrity": "sha512-5yt1OqZPYR3d+xFAqtzSKO24Hd7019KqN+iOWp7XBKPQBS+sAEhAnmSTnO1axo45IEi14J3FhMDk+ndqBoSKEQ==",
      "dependencies": [
        "@loaders.gl/schema",
        "@loaders.gl/worker-utils",
        "@probe.gl/log",
        "@probe.gl/stats"
      ]
    },
    "@loaders.gl/schema-utils@4.4.3_@loaders.gl+core@4.4.3": {
      "integrity": "sha512-TggzQWkzf9pIYbj8I9RlTk33kwXslvDkY1nnw/OL/hika6qTls1G127qK5m9skiAjElk5ZkvQLQcwhOboZXZeA==",
      "dependencies": [
        "@loaders.gl/core",
        "@loaders.gl/schema",
        "@types/geojson",
        "apache-arrow"
      ]
    },
    "@loaders.gl/schema@4.4.3": {
      "integrity": "sha512-tDb/rOn44nHWvMFSOaAk1/pQcQcusxirGCM1O5BMJR0PQ71UrCHey56rsbcf7/wGhvyRwPtX+oiMzlJ9TmN8vQ==",
      "dependencies": [
        "@types/geojson",
        "apache-arrow"
      ]
    },
    "@loaders.gl/worker-utils@4.4.3_@loaders.gl+core@4.4.3": {
      "integrity": "sha512-RZt/NwFXm6Kx3Fn/rqiW3Alse9Z0XtBktH/EFAp8W6LvsKuxpRMjULqGfybTu2waRXRYUNYZ6zGs9aOWbtDRLw==",
      "dependencies": [
        "@loaders.gl/core"
      ]
    },
    "@luma.gl/core@9.3.6": {
      "integrity": "sha512-eqHnCPh2xHYkdd9rEkiIIkGMixNiJkq1ROrnTob6npvmZNVHXL0ubIw5KueL7rqW0+J1tm+p2+TXZaCmn0sP7Q==",
      "dependencies": [
        "@math.gl/types",
        "@probe.gl/env",
        "@probe.gl/log",
        "@probe.gl/stats",
        "@types/offscreencanvas"
      ]
    },
    "@luma.gl/engine@9.3.6_@luma.gl+core@9.3.6_@luma.gl+shadertools@9.3.6__@luma.gl+core@9.3.6": {
      "integrity": "sha512-NYTdhn2NaH/MjN8qXCl2ukrT1Ac9iTKu1mgN0wz11XRd1QYnlMNBXswRROD7IZ2PUsBWdmYHc9qE8wKBQqMuIA==",
      "dependencies": [
        "@luma.gl/core",
        "@luma.gl/shadertools",
        "@math.gl/core",
        "@math.gl/types",
        "@probe.gl/log",
        "@probe.gl/stats"
      ]
    },
    "@luma.gl/shadertools@9.3.6_@luma.gl+core@9.3.6": {
      "integrity": "sha512-dDuD8lCOkAE1L7hJGZEyZAi7upR1HG3wEEIQ1gCLaTTbJWC7tNtnVz853lqUA+VXgjgS9NiQFFRcosiIZmW4Vg==",
      "dependencies": [
        "@luma.gl/core",
        "@math.gl/core",
        "@math.gl/types"
      ]
    },
    "@luma.gl/webgl@9.3.6_@luma.gl+core@9.3.6": {
      "integrity": "sha512-tGm7FGWPmJKxGZMvkRPRi219x3tKmBxR7Uke09nTp2ujNak/O5V9xPIQ9lUBGTxqAb8U2yjKkXG8j+f/4b2+sw==",
      "dependencies": [
        "@luma.gl/core",
        "@math.gl/types",
        "@probe.gl/env"
      ]
    },
    "@mapbox/geojson-rewind@0.5.2": {
      "integrity": "sha512-tJaT+RbYGJYStt7wI3cq4Nl4SXxG8W7JDG5DMJu97V25RnbNg3QtQtf+KD+VLjNpWKYsRvXDNmNrBgEETr1ifA==",
      "dependencies": [
        "get-stream",
        "minimist"
      ],
      "bin": true
    },
    "@mapbox/jsonlint-lines-primitives@2.0.3": {
      "integrity": "sha512-0SElaV0uMxEnxzBhhX9WTuPyUeMsAN/SS0i16tjuba4/mio63MG9khjC1a0JAiPGXAwvwm4UfHJURCN7nyudQg=="
    },
    "@mapbox/point-geometry@0.1.0": {
      "integrity": "sha512-6j56HdLTwWGO0fJPlrZtdU/B13q8Uwmo18Ck2GnGgN9PCFyKTZ3UbXeEdRFh18i9XQ92eH2VdtpJHpBD3aripQ=="
    },
    "@mapbox/polylabel@1.0.2": {
      "integrity": "sha512-htPcy9pNNuTvlWIQIMZZORRgCnH2DFLEACxYc2yQHqwRYv5cO84lvQqxLUHC+4xqSbW41mIo/bhyPx+OUzofHg==",
      "dependencies": [
        "tinyqueue@1.2.3"
      ]
    },
    "@mapbox/tiny-sdf@2.2.0": {
      "integrity": "sha512-LVL4wgI9YAum5V+LNVQO6QgFBPw7/MIIY4XJPNsPDMrjEwcE+JfKk1LuIl8GnF197ejVdC9QdPaxrx5gfgdGXg=="
    },
    "@mapbox/unitbezier@0.0.1": {
      "integrity": "sha512-nMkuDXFv60aBr9soUG5q+GvZYL+2KZHVvsqFCzqnkGEf46U2fvmytHaEVc1/YZbiLn8X+eR3QzX1+dwDO1lxlw=="
    },
    "@mapbox/vector-tile@1.3.1": {
      "integrity": "sha512-MCEddb8u44/xfQ3oD+Srl/tNcQoqTw3goGk2oLsrFxOTc3dUp+kAnby3PvAeeBYSMSjSPD1nd1AJA6W49WnoUw==",
      "dependencies": [
        "@mapbox/point-geometry"
      ]
    },
    "@mapbox/whoots-js@3.1.0": {
      "integrity": "sha512-Es6WcD0nO5l+2BOQS4uLfNPYQaNDfbot3X1XUoloz+x0mPDS3eeORZJl06HXjwBG1fOGwCRnzK88LMdxKRrd6Q=="
    },
    "@maplibre/maplibre-gl-style-spec@20.4.0": {
      "integrity": "sha512-AzBy3095fTFPjDjmWpR2w6HVRAZJ6hQZUCwk5Plz6EyfnfuQW1odeW5i2Ai47Y6TBA2hQnC+azscjBSALpaWgw==",
      "dependencies": [
        "@mapbox/jsonlint-lines-primitives",
        "@mapbox/unitbezier",
        "json-stringify-pretty-compact",
        "minimist",
        "quickselect@2.0.0",
        "rw",
        "tinyqueue@3.0.0"
      ],
      "bin": true
    },
    "@math.gl/core@4.1.0": {
      "integrity": "sha512-FrdHBCVG3QdrworwrUSzXIaK+/9OCRLscxI2OUy6sLOHyHgBMyfnEGs99/m3KNvs+95BsnQLWklVfpKfQzfwKA==",
      "dependencies": [
        "@math.gl/types"
      ]
    },
    "@math.gl/polygon@4.1.0": {
      "integrity": "sha512-YA/9PzaCRHbIP5/0E9uTYrqe+jsYTQoqoDWhf6/b0Ixz8bPZBaGDEafLg3z7ffBomZLacUty9U3TlPjqMtzPjA==",
      "dependencies": [
        "@math.gl/core"
      ]
    },
    "@math.gl/sun@4.1.0": {
      "integrity": "sha512-i3q6OCBLSZ5wgZVhXg+X7gsjY/TUtuFW/2KBiq/U1ypLso3S4sEykoU/MGjxUv1xiiGtr+v8TeMbO1OBIh/HmA=="
    },
    "@math.gl/types@4.1.0": {
      "integrity": "sha512-clYZdHcmRvMzVK5fjeDkQlHUzXQSNdZ7s4xOqC3nJPgz4C/TZkUecTo9YS4PruZqtDda/ag4erndP0MIn40dGA=="
    },
    "@math.gl/web-mercator@4.1.0": {
      "integrity": "sha512-HZo3vO5GCMkXJThxRJ5/QYUYRr3XumfT8CzNNCwoJfinxy5NtKUd7dusNTXn7yJ40UoB8FMIwkVwNlqaiRZZAw==",
      "dependencies": [
        "@math.gl/core"
      ]
    },
    "@probe.gl/env@4.1.1": {
      "integrity": "sha512-+68seNDMVsEegRB47pFA/Ws1Fjy8agcFYXxzorKToyPcD6zd+gZ5uhwoLd7TzsSw6Ydns//2KEszWn+EnNHTbA=="
    },
    "@probe.gl/log@4.1.1": {
      "integrity": "sha512-kcZs9BT44pL7hS1OkRGKYRXI/SN9KejUlPD+BY40DguRLzdC5tLG/28WGMyfKdn/51GT4a0p+0P8xvDn1Ez+Kg==",
      "dependencies": [
        "@probe.gl/env"
      ]
    },
    "@probe.gl/stats@4.1.1": {
      "integrity": "sha512-4VpAyMHOqydSvPlEyHwXaE+AkIdR03nX+Qhlxsk2D/IW4OVmDZgIsvJB1cDzyEEtcfKcnaEbfXeiPgejBceT6g=="
    },
    "@protomaps/basemaps@5.7.2": {
      "integrity": "sha512-K1Yk6bWdULulYg+R2QRVXx4NzJZan5YQhpejEG0c1/sXruJrfPIPZuakpf3jwAgVmjIRVQwAv+yRafDeN0aaUQ==",
      "bin": true
    },
    "@turf/area@7.3.5": {
      "integrity": "sha512-sSn80wPT7XfBIDN3vurCPxhk9W4U8ozS/XImSqeLN8qveTICOxzZkhsGDMp0CuncaN+plWut4a2TdNM7mzZB6Q==",
      "dependencies": [
        "@turf/helpers",
        "@turf/meta",
        "@types/geojson",
        "tslib"
      ]
    },
    "@turf/bbox-clip@7.3.5": {
      "integrity": "sha512-FuADTCBfRwdzJb2gFawDGnD1jKlUOfsWcu5Uv8iyEgu9JLuLAIYtI/l9xVF76BAoAvSkLgMfUvrPQ4SXCSUrVA==",
      "dependencies": [
        "@turf/helpers",
        "@turf/invariant",
        "@types/geojson",
        "tslib"
      ]
    },
    "@turf/bbox@7.3.5": {
      "integrity": "sha512-oG1ya/HtBjAIg4TimbWx+nOYPbY0bCvt82Bq8tm6sBw3qqtbOyRSfDz79Sq90TnH7DXJprJ1qnVGKNtZ6jemfw==",
      "dependencies": [
        "@turf/helpers",
        "@turf/meta",
        "@types/geojson",
        "tslib"
      ]
    },
    "@turf/boolean-point-in-polygon@7.3.5": {
      "integrity": "sha512-ba7+B0wzaS9GtERZOoXUZ6oW8IcIJHNQZf3c+tiD9ESjcsPO1Q/4qIJGTKl92nBLhhracHJxMWBM/U6hAVkaRg==",
      "dependencies": [
        "@turf/helpers",
        "@turf/invariant",
        "@types/geojson",
        "point-in-polygon-hao",
        "tslib"
      ]
    },
    "@turf/boolean-point-on-line@7.3.5": {
      "integrity": "sha512-TuWfrAT63W43BDzgYc94UzQ5/PjF1aTnh4AIzmQwez1YnimShYcOTwo8OIHzDaB6gbbvFsfxYMuOA5JOp942Kg==",
      "dependencies": [
        "@turf/helpers",
        "@turf/invariant",
        "@types/geojson",
        "tslib"
      ]
    },
    "@turf/clean-coords@7.3.5": {
      "integrity": "sha512-e0ZTqVWiQaCI/b8EFb+HAS8lCDomWafAKxQuIv0IYks0GwOlVTDWTwsY2RX2685j2Y+QssqOsyHsPZCtAjc3YQ==",
      "dependencies": [
        "@turf/boolean-point-on-line",
        "@turf/helpers",
        "@turf/invariant",
        "@types/geojson",
        "tslib"
      ]
    },
    "@turf/clone@7.3.5": {
      "integrity": "sha512-qfIaHj3410QEcTpiCRnTzhq8YrUp2gWrUIPLBAEFykopNxJkq1du1VrRzvuAo36ap2UV7KppkS6wGNypbcxswQ==",
      "dependencies": [
        "@turf/helpers",
        "@types/geojson",
        "tslib"
      ]
    },
    "@turf/difference@7.3.5": {
      "integrity": "sha512-iDyWYCvgS3vgB8W1ai2cvfJaTq9bOt1QghiVkCNIyccF97CgtYJzenREVVUlp8qU9lJlbQ/ameyKvXPA1uOAlA==",
      "dependencies": [
        "@turf/helpers",
        "@turf/meta",
        "@types/geojson",
        "polyclip-ts",
        "tslib"
      ]
    },
    "@turf/distance@7.3.5": {
      "integrity": "sha512-uQAC63zg/l91KUxzfhqio7Ii3+UXTrPOVJScIdRj6EO6+9XHI4kC+AdyIS4cPAv14sZfJLIBxzMnzcGrss+kEA==",
      "dependencies": [
        "@turf/helpers",
        "@turf/invariant",
        "@types/geojson",
        "tslib"
      ]
    },
    "@turf/geojson-rbush@7.3.5": {
      "integrity": "sha512-30/hQqc+ErnlcavvDdxGfgm8VtsJDEzSYpf3mPqYxOyI976l49T6+1jCQD5xKswml6o8zZAaTSe6ZcSKF+SCNw==",
      "dependencies": [
        "@turf/bbox",
        "@turf/helpers",
        "@turf/meta",
        "@types/geojson",
        "rbush",
        "tslib"
      ]
    },
    "@turf/helpers@7.3.5": {
      "integrity": "sha512-E/NMGV5MwbjjP7AJXBtsanC3yY8N2MQ87IGdIgkB2ji5AtBpwnH4L3gEqpYN4RlCJJWbLbzO91BbKv2waUd0eg==",
      "dependencies": [
        "@types/geojson",
        "tslib"
      ]
    },
    "@turf/intersect@7.3.5": {
      "integrity": "sha512-v11Do9ySbsE08ffiwboQeFKvYByyxzvAz0ls837A9T3rSC+8vKMmK815S+C5v8CBMLNhuBCSgqnOIV3zonNICQ==",
      "dependencies": [
        "@turf/helpers",
        "@turf/meta",
        "@types/geojson",
        "polyclip-ts",
        "tslib"
      ]
    },
    "@turf/invariant@7.3.5": {
      "integrity": "sha512-ZVIvsBvjr8lO7WxC5zYNjRsjSDvyGvWkJMjuWaJjTU8x+1tmfNnw3gDX/TI2Sit83gcRYLYkNo23lB/udqx/Hg==",
      "dependencies": [
        "@turf/helpers",
        "@types/geojson",
        "tslib"
      ]
    },
    "@turf/kinks@7.3.5": {
      "integrity": "sha512-dPW8d4vs1v8WMobjyq/TVqajjPwkMsl94IF58yp1UYlmJDQrW4iNRUmI9fFzww+fl7epCKNwY+jZhXf1DRi93w==",
      "dependencies": [
        "@turf/helpers",
        "@types/geojson",
        "tslib"
      ]
    },
    "@turf/line-intersect@7.3.5": {
      "integrity": "sha512-2Cl4oPsjaDdfIwz/5IRDdG2fNdfp3W6atICm81vnzl/GwURoVP+CLjXJ64QWWzpzIbgX2XprJQTmamByDt5MDw==",
      "dependencies": [
        "@turf/helpers",
        "@types/geojson",
        "sweepline-intersections",
        "tslib"
      ]
    },
    "@turf/line-segment@7.3.5": {
      "integrity": "sha512-TM1aCu7utM6fllAEHO8PNqBJZ/uoFJVNp2A0YI7FyWN928hPbacsvNtLeVz/Kq1ZbeqQ1ZIKRxo9FdVjaj8hGg==",
      "dependencies": [
        "@turf/helpers",
        "@turf/invariant",
        "@turf/meta",
        "@types/geojson",
        "tslib"
      ]
    },
    "@turf/line-split@7.3.5": {
      "integrity": "sha512-GEuy+LdbbaqtYjHk/i1G8sK51wfCdPqTO8uH0dJZ6WlcIcZQfRcKKI4ksFm7NkVyfmw8gXWbpMJD8lO380GFBQ==",
      "dependencies": [
        "@turf/bbox",
        "@turf/geojson-rbush",
        "@turf/helpers",
        "@turf/invariant",
        "@turf/line-intersect",
        "@turf/line-segment",
        "@turf/meta",
        "@turf/nearest-point-on-line",
        "@turf/truncate",
        "@types/geojson",
        "tslib"
      ]
    },
    "@turf/meta@7.3.5": {
      "integrity": "sha512-r+ohqxoyqeigFB0oFrQx/YEHIkOKqcKpCjvZkvZs7Tkv+IFco5MezAd2zd4rzK+0DfFgDP3KpJc7HqrYjvEjhg==",
      "dependencies": [
        "@turf/helpers",
        "@types/geojson",
        "tslib"
      ]
    },
    "@turf/nearest-point-on-line@7.3.5": {
      "integrity": "sha512-MZn6OkEFZpjS6BNUANfqiHMIbQSivu7TNji3a+OAIrnPJ71vp8cbz0N2aVEa5M7I8ipvxoxAPIV3eqg3h280Vg==",
      "dependencies": [
        "@turf/distance",
        "@turf/helpers",
        "@turf/invariant",
        "@turf/meta",
        "@types/geojson",
        "tslib"
      ]
    },
    "@turf/simplify@7.3.5": {
      "integrity": "sha512-9wzxlRA+0yNALeqyXNHFgj+8ebsg2aKdMrWRiSMS+ZqbiknZ/mCARiDYqM2Qz8TgTqdrNt53ze4o1vS6WeJrJw==",
      "dependencies": [
        "@turf/clean-coords",
        "@turf/clone",
        "@turf/helpers",
        "@turf/meta",
        "@types/geojson",
        "tslib"
      ]
    },
    "@turf/truncate@7.3.5": {
      "integrity": "sha512-Qx2iv3KIqKuDAUduMfaJ5fFegEWBeRve5zePalRevS16bMUqEX+jnKPK9fWGyUuPqT61qP1Kybz0PTWPbUbljQ==",
      "dependencies": [
        "@turf/helpers",
        "@turf/meta",
        "@types/geojson",
        "tslib"
      ]
    },
    "@turf/union@7.3.5": {
      "integrity": "sha512-/FSKhl+LX4+M7L/Trmiln0CDPWS8vCneGnQktt1o5XbCY/zIpH1JdxHEBFXhFZg4beAyXCz0uuxRyW9N/DH+KA==",
      "dependencies": [
        "@turf/helpers",
        "@turf/meta",
        "@types/geojson",
        "polyclip-ts",
        "tslib"
      ]
    },
    "@types/geojson-vt@3.2.5": {
      "integrity": "sha512-qDO7wqtprzlpe8FfQ//ClPV9xiuoh2nkIgiouIptON9w5jvD/fA4szvP9GBlDVdJ5dldAl0kX/sy3URbWwLx0g==",
      "dependencies": [
        "@types/geojson"
      ]
    },
    "@types/geojson@7946.0.16": {
      "integrity": "sha512-6C8nqWur3j98U6+lXDfTUWIfgvZU+EumvpHKcYjujKH7woYyLj2sUmff0tRhrqM7BohUw7Pz3ZB1jj2gW9Fvmg=="
    },
    "@types/leaflet@1.9.21": {
      "integrity": "sha512-TbAd9DaPGSnzp6QvtYngntMZgcRk+igFELwR2N99XZn7RXUdKgsXMR+28bUO0rPsWp8MIu/f47luLIQuSLYv/w==",
      "dependencies": [
        "@types/geojson"
      ]
    },
    "@types/mapbox__point-geometry@0.1.4": {
      "integrity": "sha512-mUWlSxAmYLfwnRBmgYV86tgYmMIICX4kza8YnE/eIlywGe2XoOxlpVnXWwir92xRLjwyarqwpu2EJKD2pk0IUA=="
    },
    "@types/mapbox__vector-tile@1.3.4": {
      "integrity": "sha512-bpd8dRn9pr6xKvuEBQup8pwQfD4VUyqO/2deGjfpe6AwC8YRlyEipvefyRJUSiCJTZuCb8Pl1ciVV5ekqJ96Bg==",
      "dependencies": [
        "@types/geojson",
        "@types/mapbox__point-geometry",
        "@types/pbf"
      ]
    },
    "@types/node@25.9.5": {
      "integrity": "sha512-OScDchr2fwuUmWdf4kZ9h7PcJiYDVInhJizG/biAq3cAvqwYktuy/TYGGdZNMtNTFUP7rnb0NU4TUdm82kt4Rg==",
      "dependencies": [
        "undici-types"
      ]
    },
    "@types/offscreencanvas@2019.7.3": {
      "integrity": "sha512-ieXiYmgSRXUDeOntE1InxjWyvEelZGP63M+cGuquuRLuIKKT1osnkXjxev9B7d1nXSug5vpunx+gNlbVxMlC9A=="
    },
    "@types/pbf@3.0.5": {
      "integrity": "sha512-j3pOPiEcWZ34R6a6mN07mUkM4o4Lwf6hPNt8eilOeZhTFbxFXmKhvXl9Y28jotFPaI1bpPDJsbCprUoNke6OrA=="
    },
    "@types/supercluster@7.1.3": {
      "integrity": "sha512-Z0pOY34GDFl3Q6hUFYf3HkTwKEE02e7QgtJppBt+beEAxnyOpJua+voGFvxINBHa06GwLFFym7gRPY2SiKIfIA==",
      "dependencies": [
        "@types/geojson"
      ]
    },
    "apache-arrow@21.2.0": {
      "integrity": "sha512-Hxe6Agq26gQOM954qpzYSllJBPJl+e16U5CkfuMUhLrNba+5nKkttIVlflaovN6oaTratqMGAO8H5u/aNhmHWQ==",
      "dependencies": [
        "@types/node",
        "flatbuffers",
        "json-with-bigint",
        "tslib"
      ],
      "bin": true
    },
    "array-source@0.0.4": {
      "integrity": "sha512-frNdc+zBn80vipY+GdcJkLEbMWj3xmzArYApmUGxoiV8uAu/ygcs9icPdsGdA26h0MkHUMW6EN2piIvVx+M5Mw=="
    },
    "bignumber.js@9.3.1": {
      "integrity": "sha512-Ko0uX15oIUS7wJ3Rb30Fs6SkVbLmPBAKdlm7q9+ak9bbIeFf0MwuBsQV6z7+X768/cHsfg+WlysDWJcmthjsjQ=="
    },
    "commander@2.20.3": {
      "integrity": "sha512-GpVkmM8vF2vQUkj2LvZmD35JxeJOLCwJ9cUkugyk2nuhbv3+mJvpLYYt+0+USMxE+oj+ey/lJEnhZw75x/OMcQ=="
    },
    "earcut@2.2.4": {
      "integrity": "sha512-/pjZsA1b4RPHbeWZQn66SWS8nZZWLQQ23oE3Eam7aroEFGEvwKAsJfZ9ytiEMycfzXWpca4FA9QIOehf7PocBQ=="
    },
    "earcut@3.2.3": {
      "integrity": "sha512-vnS4AVwp1KHAF13i1vp1/2D5evWy3k5u/iW/B81QVsUZtV8cv2tU0b2VNFlqvh4kYwrFMDdjPCfAmfyJW9y14Q=="
    },
    "fflate@0.8.3": {
      "integrity": "sha512-tbZNuJrLwGUp3zshBtdy4W+ORxZuIh8a5ilyIEQDC5rY1f3U20JMry0Ll3WBzU58EZKsEuJFXhb5gwv8CsPvgA=="
    },
    "file-source@0.6.1": {
      "integrity": "sha512-1R1KneL7eTXmXfKxC10V/9NeGOdbsAXJ+lQ//fvvcHUgtaZcZDWNJNblxAoVOyV1cj45pOtUrR3vZTBwqcW8XA==",
      "dependencies": [
        "stream-source"
      ]
    },
    "flatbuffers@25.9.23": {
      "integrity": "sha512-MI1qs7Lo4Syw0EOzUl0xjs2lsoeqFku44KpngfIduHBYvzm8h2+7K8YMQh1JtVVVrUvhLpNwqVi4DERegUJhPQ=="
    },
    "geojson-vt@4.0.3": {
      "integrity": "sha512-jR1MwkLaZGa8Zftct9ZFruyWFrdl9ZyD2OliXNy9Qq5bBPeg5wHVpBQF9p5GjnicSDQqvBVpysxTPKmWdsfWMA=="
    },
    "get-stream@6.0.1": {
      "integrity": "sha512-ts6Wi+2j3jQjqi70w5AlN8DFnkSwC+MqmxEzdEALB2qXZYV3X/b1CTfgPLGJNMeAWxdPfU8FO1ms3NUfaHCPYg=="
    },
    "gl-matrix@3.4.4": {
      "integrity": "sha512-latSnyDNt/8zYUB6VIJ6PCh2jBjJX6gnDsoCZ7LyW7GkqrD51EWwa9qCoGixj8YqBtETQK/xY7OmpTF8xz1DdQ=="
    },
    "global-prefix@4.0.0": {
      "integrity": "sha512-w0Uf9Y9/nyHinEk5vMJKRie+wa4kR5hmDbEhGGds/kG1PwGLLHKRoNMeJOyCQjjBkANlnScqgzcFwGHgmgLkVA==",
      "dependencies": [
        "ini",
        "kind-of",
        "which"
      ]
    },
    "ieee754@1.2.1": {
      "integrity": "sha512-dcyqhDvX1C46lXZcVqCpK+FtMRQVdIMN6/Df5js2zouUsqG7I6sFxitIC+7KYK29KdXOLHdu9zL4sFnoVQnqaA=="
    },
    "ini@4.1.3": {
      "integrity": "sha512-X7rqawQBvfdjS10YU1y1YVreA3SsLrW9dX2CewP2EbBJM4ypVNLDkO5y04gejPwKIY9lR+7r9gn3rFPt/kmWFg=="
    },
    "isexe@3.1.5": {
      "integrity": "sha512-6B3tLtFqtQS4ekarvLVMZ+X+VlvQekbe4taUkf/rhVO3d/h0M2rfARm/pXLcPEsjjMsFgrFgSrhQIxcSVrBz8w=="
    },
    "json-stringify-pretty-compact@4.0.0": {
      "integrity": "sha512-3CNZ2DnrpByG9Nqj6Xo8vqbjT4F6N+tb4Gb28ESAZjYZ5yqvmc56J+/kuIwkaAMOyblTQhUW7PxMkUb8Q36N3Q=="
    },
    "json-with-bigint@3.5.10": {
      "integrity": "sha512-Vcx+JVNEBts/xfcoCS69sKrOhOk/3TVlvlT+XzUOefVKnnrbYSCKpDCm10pohsJFtsJVYnwa/cXRZ4eElzaM6w=="
    },
    "kdbush@4.1.0": {
      "integrity": "sha512-e9vurzrXJQrFX6ckpHP3bvj5l+9CnYzkxDNnNQ1h2QTqdWsUAJgXiKdGNcOa1EY85dU8KbQ+z/FdQdB7P+9yfQ=="
    },
    "kind-of@6.0.3": {
      "integrity": "sha512-dcS1ul+9tmeD95T+x28/ehLgd9mENa3LsvDTtzm3vyBEO7RPptvAD+t44WVXaUjTBRcrpFeFlC8WCruUR456hw=="
    },
    "maplibre-gl@4.7.1": {
      "integrity": "sha512-lgL7XpIwsgICiL82ITplfS7IGwrB1OJIw/pCvprDp2dhmSSEBgmPzYRvwYYYvJGJD7fxUv1Tvpih4nZ6VrLuaA==",
      "dependencies": [
        "@mapbox/geojson-rewind",
        "@mapbox/jsonlint-lines-primitives",
        "@mapbox/point-geometry",
        "@mapbox/tiny-sdf",
        "@mapbox/unitbezier",
        "@mapbox/vector-tile",
        "@mapbox/whoots-js",
        "@maplibre/maplibre-gl-style-spec",
        "@types/geojson",
        "@types/geojson-vt",
        "@types/mapbox__point-geometry",
        "@types/mapbox__vector-tile",
        "@types/pbf",
        "@types/supercluster",
        "earcut@3.2.3",
        "geojson-vt",
        "gl-matrix",
        "global-prefix",
        "kdbush",
        "murmurhash-js",
        "pbf",
        "potpack",
        "quickselect@3.0.0",
        "supercluster",
        "tinyqueue@3.0.0",
        "vt-pbf"
      ]
    },
    "minimist@1.2.8": {
      "integrity": "sha512-2yyAR8qBkN3YuheJanUpWC5U3bb5osDywNB8RzDVlDwDHbocAJveqqj1u8+SVD7jkWT4yvsHCpWqqWqAxb0zCA=="
    },
    "mjolnir.js@3.0.1": {
      "integrity": "sha512-/RMi8Jm3NKleOkVI8D2ai+1OVwtfRJsSVBVjbTXNm83nfsN4uORYaN3u1/hsg5CqVI+di8enTkvgDNDOywn6cQ=="
    },
    "murmurhash-js@1.0.0": {
      "integrity": "sha512-TvmkNhkv8yct0SVBSy+o8wYzXjE4Zz3PCesbfs8HiCXXdcTuocApFv11UWlNFWKYsP2okqrhb7JNlSm9InBhIw=="
    },
    "path-source@0.1.3": {
      "integrity": "sha512-dWRHm5mIw5kw0cs3QZLNmpUWty48f5+5v9nWD2dw3Y0Hf+s01Ag8iJEWV0Sm0kocE8kK27DrIowha03e1YR+Qw==",
      "dependencies": [
        "array-source",
        "file-source"
      ]
    },
    "pbf@3.3.0": {
      "integrity": "sha512-XDF38WCH3z5OV/OVa8GKUNtLAyneuzbCisx7QUCF8Q6Nutx0WnJrQe5O+kOtBlLfRNUws98Y58Lblp+NJG5T4Q==",
      "dependencies": [
        "ieee754",
        "resolve-protobuf-schema"
      ],
      "bin": true
    },
    "pmtiles@3.2.1": {
      "integrity": "sha512-3R4fBwwoli5mw7a6t1IGwOtfmcSAODq6Okz0zkXhS1zi9sz1ssjjIfslwPvcWw5TNhdjNBUg9fgfPLeqZlH6ng==",
      "dependencies": [
        "@types/leaflet",
        "fflate"
      ]
    },
    "point-in-polygon-hao@1.2.4": {
      "integrity": "sha512-x2pcvXeqhRHlNRdhLs/tgFapAbSSe86wa/eqmj1G6pWftbEs5aVRJhRGM6FYSUERKu0PjekJzMq0gsI2XyiclQ==",
      "dependencies": [
        "robust-predicates"
      ]
    },
    "polyclip-ts@0.16.8": {
      "integrity": "sha512-JPtKbDRuPEuAjuTdhR62Gph7Is2BS1Szx69CFOO3g71lpJDFo78k4tFyi+qFOMVPePEzdSKkpGU3NBXPHHjvKQ==",
      "dependencies": [
        "bignumber.js",
        "splaytree-ts"
      ]
    },
    "potpack@2.1.0": {
      "integrity": "sha512-pcaShQc1Shq0y+E7GqJqvZj8DTthWV1KeHGdi0Z6IAin2Oi3JnLCOfwnCo84qc+HAp52wT9nK9H7FAJp5a44GQ=="
    },
    "protocol-buffers-schema@3.6.1": {
      "integrity": "sha512-VG2K63Igkiv9p76tk1lilczEK1cT+kCjKtkdhw1dQZV3k3IXJbd3o6Ho8b9zJZaHSnT2hKe4I+ObmX9w6m5SmQ=="
    },
    "quickselect@2.0.0": {
      "integrity": "sha512-RKJ22hX8mHe3Y6wH/N3wCM6BWtjaxIyyUIkpHOvfFnxdI4yD4tBXEBKSbriGujF6jnSVkJrffuo6vxACiSSxIw=="
    },
    "quickselect@3.0.0": {
      "integrity": "sha512-XdjUArbK4Bm5fLLvlm5KpTFOiOThgfWWI4axAZDWg4E/0mKdZyI9tNEfds27qCi1ze/vwTR16kvmmGhRra3c2g=="
    },
    "rbush@3.0.1": {
      "integrity": "sha512-XRaVO0YecOpEuIvbhbpTrZgoiI6xBlz6hnlr6EHhd+0x9ase6EmeN+hdwwUaJvLcsFFQ8iWVF1GAK1yB0BWi0w==",
      "dependencies": [
        "quickselect@2.0.0"
      ]
    },
    "resolve-protobuf-schema@2.1.0": {
      "integrity": "sha512-kI5ffTiZWmJaS/huM8wZfEMer1eRd7oJQhDuxeCLe3t7N7mX3z94CN0xPxBQxFYQTSNz9T0i+v6inKqSdK8xrQ==",
      "dependencies": [
        "protocol-buffers-schema"
      ]
    },
    "robust-predicates@3.0.3": {
      "integrity": "sha512-NS3levdsRIUOmiJ8FZWCP7LG3QpJyrs/TE0Zpf1yvZu8cAJJ6QMW92H1c7kWpdIHo8RvmLxN/o2JXTKHp74lUA=="
    },
    "rw@1.3.3": {
      "integrity": "sha512-PdhdWy89SiZogBLaw42zdeqtRJ//zFd2PgQavcICDUgJT5oW10QCRKbJ6bg4r0/UY2M6BWd5tkxuGFRvCkgfHQ=="
    },
    "shapefile@0.6.6": {
      "integrity": "sha512-rLGSWeK2ufzCVx05wYd+xrWnOOdSV7xNUW5/XFgx3Bc02hBkpMlrd2F1dDII7/jhWzv0MSyBFh5uJIy9hLdfuw==",
      "dependencies": [
        "array-source",
        "commander",
        "path-source",
        "slice-source",
        "stream-source",
        "text-encoding"
      ],
      "bin": true
    },
    "slice-source@0.4.1": {
      "integrity": "sha512-YiuPbxpCj4hD9Qs06hGAz/OZhQ0eDuALN0lRWJez0eD/RevzKqGdUx1IOMUnXgpr+sXZLq3g8ERwbAH0bCb8vg=="
    },
    "splaytree-ts@1.0.2": {
      "integrity": "sha512-0kGecIZNIReCSiznK3uheYB8sbstLjCZLiwcQwbmLhgHJj2gz6OnSPkVzJQCMnmEz1BQ4gPK59ylhBoEWOhGNA=="
    },
    "stream-source@0.3.5": {
      "integrity": "sha512-ZuEDP9sgjiAwUVoDModftG0JtYiLUV8K4ljYD1VyUMRWtbVf92474o4kuuul43iZ8t/hRuiDAx1dIJSvirrK/g=="
    },
    "supercluster@8.0.1": {
      "integrity": "sha512-IiOea5kJ9iqzD2t7QJq/cREyLHTtSmUT6gQsweojg9WH2sYJqZK9SswTu6jrscO6D1G5v5vYZ9ru/eq85lXeZQ==",
      "dependencies": [
        "kdbush"
      ]
    },
    "sweepline-intersections@1.5.0": {
      "integrity": "sha512-AoVmx72QHpKtItPu72TzFL+kcYjd67BPLDoR0LarIk+xyaRg+pDTMFXndIEvZf9xEKnJv6JdhgRMnocoG0D3AQ==",
      "dependencies": [
        "tinyqueue@2.0.3"
      ]
    },
    "text-encoding@0.6.4": {
      "integrity": "sha512-hJnc6Qg3dWoOMkqP53F0dzRIgtmsAge09kxUIqGrEUS4qr5rWLckGYaQAVr+opBrIMRErGgy6f5aPnyPpyGRfg==",
      "deprecated": true
    },
    "tinyqueue@1.2.3": {
      "integrity": "sha512-Qz9RgWuO9l8lT+Y9xvbzhPT2efIUIFd69N7eF7tJ9lnQl0iLj1M7peK7IoUGZL9DJHw9XftqLreccfxcQgYLxA=="
    },
    "tinyqueue@2.0.3": {
      "integrity": "sha512-ppJZNDuKGgxzkHihX8v9v9G5f+18gzaTfrukGrq6ueg0lmH4nqVnA2IPG0AEH3jKEk2GRJCUhDoqpoiw3PHLBA=="
    },
    "tinyqueue@3.0.0": {
      "integrity": "sha512-gRa9gwYU3ECmQYv3lslts5hxuIa90veaEcxDYuu3QGOIAEM2mOZkVHp48ANJuu1CURtRdHKUBY5Lm1tHV+sD4g=="
    },
    "tslib@2.8.1": {
      "integrity": "sha512-oJFu94HQb+KVduSUQL7wnpmqnfmLsOA/nAh6b6EH0wCEoK0/mPeXU6c3wKDV83MkOuHPRHtSXKKU99IBazS/2w=="
    },
    "undici-types@7.24.6": {
      "integrity": "sha512-WRNW+sJgj5OBN4/0JpHFqtqzhpbnV0GuB+OozA9gCL7a993SmU+1JBZCzLNxYsbMfIeDL+lTsphD5jN5N+n0zg=="
    },
    "vt-pbf@3.1.3": {
      "integrity": "sha512-2LzDFzt0mZKZ9IpVF2r69G9bXaP2Q2sArJCmcCgvfTdCCZzSyz4aCLoQyUilu37Ll56tCblIZrXFIjNUpGIlmA==",
      "dependencies": [
        "@mapbox/point-geometry",
        "@mapbox/vector-tile",
        "pbf"
      ]
    },
    "which@4.0.0": {
      "integrity": "sha512-GlaYyEb07DPxYCKhKzplCWBJtvxZcZMrL+4UkrTSJHHPyZU4mYYTv3qaOe77H7EODLSSopAUFAc6W8U4yqvscg==",
      "dependencies": [
        "isexe"
      ],
      "bin": true
    }
  },
  "workspace": {
    "dependencies": [
      "jsr:@std/assert@^1.0.19",
      "jsr:@std/csv@1",
      "jsr:@std/http@1",
      "jsr:@std/path@1",
      "jsr:@std/yaml@1",
      "npm:@deck.gl/core@^9.3.7",
      "npm:@deck.gl/extensions@^9.3.7",
      "npm:@deck.gl/layers@^9.3.7",
      "npm:@deck.gl/mapbox@^9.3.7",
      "npm:@mapbox/polylabel@^1.0.2",
      "npm:@protomaps/basemaps@^5.7.2",
      "npm:@turf/area@7",
      "npm:@turf/bbox-clip@7",
      "npm:@turf/boolean-point-in-polygon@7",
      "npm:@turf/difference@7",
      "npm:@turf/helpers@7",
      "npm:@turf/intersect@7",
      "npm:@turf/kinks@7",
      "npm:@turf/line-split@7",
      "npm:@turf/simplify@7",
      "npm:@turf/truncate@7",
      "npm:@turf/union@7",
      "npm:@types/geojson@^7946.0.16",
      "npm:maplibre-gl@^4.7.1",
      "npm:pmtiles@^3.2.1",
      "npm:shapefile@0.6.6"
    ]
  }
}
